version = 1
revision = 3
requires-python = ">=3.9"

[[package]]
name = "notch"
version = "2025.2"
source = { editable = "." }

[package.dev-dependencies]
dev = [
    { name = "uv-build" },
]

[package.metadata]

[package.metadata.requires-dev]
dev = [{ name = "uv-build", specifier = ">=0.8.0" }]

[[package]]
name = "uv-build"
version = "0.8.11"
source = { registry = "https://pypi.org/simple" }
sdist = { url = "https://files.pythonhosted.org/packages/1a/1e/80c64efda440468d0f0aa5e3b80fd3fe4306224d7f313207c90c745f2d23/uv_build-0.8.11.tar.gz", hash = "sha256:e64de4909bbe565e868469d6839ef2350272935d546fb699df117f15b8f06397", size = 319228, upload-time = "2025-08-14T19:47:50.514Z" }
wheels = [
    { url = "https://files.pythonhosted.org/packages/21/0e/385d9a3fa9876384d493e6067e89bed66d411f7b977657473a9beea705c3/uv_build-0.8.11-py3-none-linux_armv6l.whl", hash = "sha256:28a1eea5e1cb20e5265bb35f4e344350886bef630deac9ea4330089e85dd7517", size = 1318579, upload-time = "2025-08-14T19:47:25.182Z" },
    { url = "https://files.pythonhosted.org/packages/47/08/e999864824150ba3b6965d8ca0f8dca2ea3f17f310ca347944bdc4b484d8/uv_build-0.8.11-py3-none-macosx_10_12_x86_64.whl", hash = "sha256:0b880525d92f77f493ac02edb6b61f00774c5d55cfcfc97a69fc300a1bb83c2b", size = 1299494, upload-time = "2025-08-14T19:47:27.047Z" },
    { url = "https://files.pythonhosted.org/packages/3b/40/30f0d59a20edc20ab1c35294ebaa40ae80b81da8fed01fd7b37b7f0d9ed4/uv_build-0.8.11-py3-none-macosx_11_0_arm64.whl", hash = "sha256:815379828c72e4cde03236ad7720f9fbce1240ce2a1ee062d5cc96cb5ce9034f", size = 1177212, upload-time = "2025-08-14T19:47:28.168Z" },
    { url = "https://files.pythonhosted.org/packages/8c/9c/2919360d428b86f57b96a7c35bc2a40bc4d50082bd4ca0580af05b49d18a/uv_build-0.8.11-py3-none-manylinux_2_17_aarch64.manylinux2014_aarch64.musllinux_1_1_aarch64.whl", hash = "sha256:a7adcb10245368f9bbc3bf5f938213489d68bfecdef68c65a39be19242382904", size = 1367341, upload-time = "2025-08-14T19:47:31.614Z" },
    { url = "https://files.pythonhosted.org/packages/e6/f1/4bd8dc6cb6b3b5e1e3c350461638fa93a4782692f32b7c5dfb3b028d6093/uv_build-0.8.11-py3-none-manylinux_2_17_armv7l.manylinux2014_armv7l.whl", hash = "sha256:1837dbcb7333748b9e018155ca9214d3c293c1834a9c05d45f5e1f87757cc26b", size = 1274962, upload-time = "2025-08-14T19:47:33.031Z" },
    { url = "https://files.pythonhosted.org/packages/a4/85/43607f8d28a9995f3c250354525f2db763705d6f90c147f44f8f5d1c205c/uv_build-0.8.11-py3-none-manylinux_2_17_i686.manylinux2014_i686.whl", hash = "sha256:0b7b16ab3eb00339e77542f82e0d01b4d8fd3287f912d53c799b9e1696ca932b", size = 1425919, upload-time = "2025-08-14T19:47:34.707Z" },
    { url = "https://files.pythonhosted.org/packages/c6/fc/431871308e5f5f638bb90e70437ed39fc2c5e0e8a647192549d6ce5e1fa0/uv_build-0.8.11-py3-none-manylinux_2_17_ppc64.manylinux2014_ppc64.whl", hash = "sha256:52e0dfde692e91402af6b86be8cb07166a45c28710863c3bc5a18c3a9d0abcc4", size = 1577207, upload-time = "2025-08-14T19:47:36.277Z" },
    { url = "https://files.pythonhosted.org/packages/52/36/0b31e3c66b2d266797313170eb0e6a2c9e168f5edc957c609ddebf046a42/uv_build-0.8.11-py3-none-manylinux_2_17_ppc64le.manylinux2014_ppc64le.whl", hash = "sha256:6b8cc8af0f9456ff6ae290b5a656c17faa1686e342a04af693f7c4f7becff632", size = 1481350, upload-time = "2025-08-14T19:47:37.828Z" },
    { url = "https://files.pythonhosted.org/packages/4c/61/c339b40b0cf35eafd3731c61266e84d8afbeb4dbdaa51e53eaa42b0232dd/uv_build-0.8.11-py3-none-manylinux_2_17_s390x.manylinux2014_s390x.whl", hash = "sha256:6d2cfe616353771b1b8b1a81a7d72e4b6e0bea124cd00c561d20cec5780a4531", size = 1418141, upload-time = "2025-08-14T19:47:38.975Z" },
    { url = "https://files.pythonhosted.org/packages/54/8b/27f9882bf07fb8f28c8c68ab0a80f3f6d46261cdaaee1fd2dd111bad00e7/uv_build-0.8.11-py3-none-manylinux_2_17_x86_64.manylinux2014_x86_64.whl", hash = "sha256:221aaca40a36db8198ce480ef16a4a52a3ef2189d09335b0466da248c29f9e72", size = 1421728, upload-time = "2025-08-14T19:47:40.145Z" },
    { url = "https://files.pythonhosted.org/packages/2f/b2/ea41fa9d3320409357fac0d7cc8fd667063c8b039c932fa6607f26651f7e/uv_build-0.8.11-py3-none-manylinux_2_28_aarch64.whl", hash = "sha256:ab8abfd73f4060c8728147849f11a8df91b322785767831bf3642df0fb959235", size = 1365612, upload-time = "2025-08-14T19:47:41.228Z" },
    { url = "https://files.pythonhosted.org/packages/ae/4d/99a7bfc2d2ca58791bde54f1e522d98317232c9688be8a6627b1af743154/uv_build-0.8.11-py3-none-manylinux_2_31_riscv64.whl", hash = "sha256:beb5896f1df4ee0529079149b5ae10a5fc1a0c93c669aa0adc762ab9ff42f85d", size = 1375322, upload-time = "2025-08-14T19:47:42.314Z" },
    { url = "https://files.pythonhosted.org/packages/63/52/ab4706590eaf6435794cd040959c69f47d5c56ed5a0c93f393ce890195a6/uv_build-0.8.11-py3-none-musllinux_1_1_armv7l.whl", hash = "sha256:9c96f37a44b9484c123c1d771504e5407b7f4d37e4e8fc51ab8f8d7cd98c67de", size = 1290602, upload-time = "2025-08-14T19:47:43.401Z" },
    { url = "https://files.pythonhosted.org/packages/7b/eb/7f07bbf66441bd007d6a35005d8040f68f52195418441d46ac9a381277e0/uv_build-0.8.11-py3-none-musllinux_1_1_i686.whl", hash = "sha256:4b0bf8914f4f490d6c341d3ca18bbcec6077bbf7467c5b46594312bd8628b412", size = 1380049, upload-time = "2025-08-14T19:47:44.483Z" },
    { url = "https://files.pythonhosted.org/packages/1e/e4/b26b4fae0bd82b00a6028e8ca8f5581868395cbd7b0171e43b2cbe8d1991/uv_build-0.8.11-py3-none-musllinux_1_1_x86_64.whl", hash = "sha256:9fccd17e1321fcbcc088080a3e06b95003192a147c3865f76ce7187e0e8f9675", size = 1462495, upload-time = "2025-08-14T19:47:45.799Z" },
    { url = "https://files.pythonhosted.org/packages/2d/ca/268c023fc42cb2765515dd6ba5bbdced8537bb8cba788b52f38a78707da4/uv_build-0.8.11-py3-none-win32.whl", hash = "sha256:151b91ed455f7c59773de2fcc62136ae6b176bc5fb7c222db768ae97ae97bd45", size = 1251502, upload-time = "2025-08-14T19:47:47.027Z" },
    { url = "https://files.pythonhosted.org/packages/50/79/02957d7a5f5eb8a8c634da9aa2eac4e92164d33a0e8e270eed00ca0e2b68/uv_build-0.8.11-py3-none-win_amd64.whl", hash = "sha256:410b8bb56c78392ec2dadd147abd183027fd7ad52f66f8d736480d50dc03bb5a", size = 1329561, upload-time = "2025-08-14T19:47:48.147Z" },
    { url = "https://files.pythonhosted.org/packages/a9/53/251fc3f5172acda9925cacf431362f19098c6d5e3abd93acc3d1278b21ab/uv_build-0.8.11-py3-none-win_arm64.whl", hash = "sha256:e0c175009956c4c088c2721f3012d3d53179a7fc2e7b08a226502b29f76eae8d", size = 1236487, upload-time = "2025-08-14T19:47:49.514Z" },
]
