version = 1
revision = 3
requires-python = ">=3.10"

[[package]]
name = "notch"
version = "2026.0"
source = { editable = "." }

[package.dev-dependencies]
dev = [
    { name = "ruff" },
    { name = "ty" },
    { name = "uv-build" },
]

[package.metadata]

[package.metadata.requires-dev]
dev = [
    { name = "ruff", specifier = ">=0.14.10" },
    { name = "ty", specifier = ">=0.0.9" },
    { name = "uv-build", specifier = ">=0.9.22" },
]

[[package]]
name = "ruff"
version = "0.15.18"
source = { registry = "https://pypi.org/simple" }
sdist = { url = "https://files.pythonhosted.org/packages/74/98/1295ad5a5aa9bc85bdcdfa5d82fe7b49c61af5657df4f227637ff9de0da6/ruff-0.15.18.tar.gz", hash = "sha256:2698a964c70e8bf402dcb99c8810472d270d141e7aa8c4e13599fd52033a2f33", size = 4761437, upload-time = "2026-06-18T18:25:39.224Z" }
wheels = [
    { url = "https://files.pythonhosted.org/packages/b9/d0/686e984941269621e2be72612d5c1e461f8f7b38415a2a7d7a81c8ae6715/ruff-0.15.18-py3-none-linux_armv6l.whl", hash = "sha256:8b6850172348c8381b8b3084c5915a4393c2373b9b54cd5b5e1ea15812bc10df", size = 10887308, upload-time = "2026-06-18T18:25:03.062Z" },
    { url = "https://files.pythonhosted.org/packages/ed/21/bc4123e3f5515ee99f8ce1eb93a14a0628fe4d1678663cd08f933ac16931/ruff-0.15.18-py3-none-macosx_10_12_x86_64.whl", hash = "sha256:3fccc153a85417dcd976883160cacce486997b0a0058dd18f54b8aaaac7d1ce2", size = 11281305, upload-time = "2026-06-18T18:25:30.026Z" },
    { url = "https://files.pythonhosted.org/packages/51/93/4769464c25cf7ab2acb3c7dda9cad3d867eb41c59565b3e2a9d17249c90c/ruff-0.15.18-py3-none-macosx_11_0_arm64.whl", hash = "sha256:08d4c86a68f2c3ec2c9d56380a71fb4a4f65373055cbb8caabd645e9102f38d4", size = 10641215, upload-time = "2026-06-18T18:25:15.802Z" },
    { url = "https://files.pythonhosted.org/packages/6c/42/56926d17120db2c208d76bf60a1a019644dd9e91dc27f0f95c9caddb1366/ruff-0.15.18-py3-none-manylinux_2_17_aarch64.manylinux2014_aarch64.whl", hash = "sha256:37e5108745c2c0705da916d7d4de533ddf547051ef45f62888c31bae73f66318", size = 10957224, upload-time = "2026-06-18T18:25:36.955Z" },
    { url = "https://files.pythonhosted.org/packages/22/4f/d43fab8d8189afde803103022d000a8ef9f230616d436d52a8b2b8d63b50/ruff-0.15.18-py3-none-manylinux_2_17_armv7l.manylinux2014_armv7l.whl", hash = "sha256:56949a6ce8b3abde54c0bcb22cebfe57e8771cadc84b407ae8b8eaf67ebdcd43", size = 10699024, upload-time = "2026-06-18T18:25:05.707Z" },
    { url = "https://files.pythonhosted.org/packages/63/42/1e3e4c68bd408b9768cf3e439acbe2c78245225faef253f7028a0cdb63e0/ruff-0.15.18-py3-none-manylinux_2_17_i686.manylinux2014_i686.whl", hash = "sha256:01a754cd6a1b630d3f97e33eb452cf7a98040482318e870f8bc52a5a30e62657", size = 11491458, upload-time = "2026-06-18T18:25:20.275Z" },
    { url = "https://files.pythonhosted.org/packages/20/77/47a3484bea8521e14a203d98c389c5c97846675e4f02734672da4a69b52a/ruff-0.15.18-py3-none-manylinux_2_17_ppc64le.manylinux2014_ppc64le.whl", hash = "sha256:6ba7a07e03a44dbf10bb086ee06705b173625014ec99f73a7e6836a5e5590a0c", size = 12383752, upload-time = "2026-06-18T18:25:22.535Z" },
    { url = "https://files.pythonhosted.org/packages/0a/ca/054159590787023d83b658a1a1819c4c8910114e7015069340b71c0961cb/ruff-0.15.18-py3-none-manylinux_2_17_s390x.manylinux2014_s390x.whl", hash = "sha256:5a2c40a41a4cadbcf5897b548ab29dfe248b20c540961c0247d98a3973c70403", size = 11577923, upload-time = "2026-06-18T18:25:10.702Z" },
    { url = "https://files.pythonhosted.org/packages/6d/ff/d353d6b7bbd73cc0ec37f4463d7540e45e894338abdd9964eee0de332708/ruff-0.15.18-py3-none-manylinux_2_17_x86_64.manylinux2014_x86_64.whl", hash = "sha256:5f0480ce690cbb6c4db6e5d08f19fce98e10ba131a8b60c1bcdac42771e3ae2d", size = 11583925, upload-time = "2026-06-18T18:25:32.391Z" },
    { url = "https://files.pythonhosted.org/packages/c1/4a/891f89b9c296ed3e5f3ece1a5629badc989d9a8fdaa30431aaf4774bc1c2/ruff-0.15.18-py3-none-manylinux_2_31_riscv64.whl", hash = "sha256:2330215f1f393fa8733f55edce04fcf94c36a2c460fcde31f78cc84e4951e9b1", size = 11582834, upload-time = "2026-06-18T18:25:27.309Z" },
    { url = "https://files.pythonhosted.org/packages/32/a3/ed9e370154bf85de360b93c03026157f02d4943b2d01ff4945f4429f8e8a/ruff-0.15.18-py3-none-musllinux_1_2_aarch64.whl", hash = "sha256:a6aa6a3d979e48ae617578183674bf264fbe7d0114a796a26bd678d67963c7ff", size = 10927328, upload-time = "2026-06-18T18:25:34.676Z" },
    { url = "https://files.pythonhosted.org/packages/f5/d1/5cf5909329fedb5d39d555ee818ba5cf4638e1a301b89785d34f2905bfcb/ruff-0.15.18-py3-none-musllinux_1_2_armv7l.whl", hash = "sha256:a81beadbbff2c9c245561ae3f77b16709d87f35eec650d0501679239d3449b22", size = 10693187, upload-time = "2026-06-18T18:25:08.245Z" },
    { url = "https://files.pythonhosted.org/packages/fd/44/ff6c635cf2c4f4e7b618b6640da057376baa36014695487d88aed4794268/ruff-0.15.18-py3-none-musllinux_1_2_i686.whl", hash = "sha256:2186d9e940ae332ab293623a75b5f4fe49565f449954d50a72a046683aa6b809", size = 11208721, upload-time = "2026-06-18T18:25:41.327Z" },
    { url = "https://files.pythonhosted.org/packages/88/d9/5baa2a30861adfb7022cf33c1e35b2fc18085b08c16f83eff4c7b99a5f48/ruff-0.15.18-py3-none-musllinux_1_2_x86_64.whl", hash = "sha256:5c2abf140438032bc77b2284a6c9944ecd8a19e5f1c7b52b1b8e4a0a80d19a7a", size = 11678599, upload-time = "2026-06-18T18:25:13.607Z" },
    { url = "https://files.pythonhosted.org/packages/c3/1a/0725a7cfdc32ff769efb96ee782bec882e16448c5d9e3be947ec4c04ce27/ruff-0.15.18-py3-none-win32.whl", hash = "sha256:02299e6e9fa5b297a3f6d5d10d7bcd655c925b028bb8b9d4588214549c6b9ec4", size = 10901903, upload-time = "2026-06-18T18:25:24.755Z" },
    { url = "https://files.pythonhosted.org/packages/f3/51/805d9f6fb7970505c3504794a5ec350f605361b807fef4dcf214ebd35e72/ruff-0.15.18-py3-none-win_amd64.whl", hash = "sha256:dac80dc8d26b2257dbefabed62f5d255c3937b4ccb122da1fc634794fa3578b3", size = 12041189, upload-time = "2026-06-18T18:25:17.915Z" },
    { url = "https://files.pythonhosted.org/packages/29/4c/67bb45e41609eb4726f1bfeb59e083cf91d14c696d4bd14c234a980be93d/ruff-0.15.18-py3-none-win_arm64.whl", hash = "sha256:b2c9257fcbd4a3e5b977a1904e6facca016bafe2edc17df24db67cfaee03b4e4", size = 11329958, upload-time = "2026-06-18T18:25:43.686Z" },
]

[[package]]
name = "ty"
version = "0.0.55"
source = { registry = "https://pypi.org/simple" }
sdist = { url = "https://files.pythonhosted.org/packages/08/48/f687c8d268e3581f2f104d1f2ac5944d5b5e841b3695c613b3f263e5bbf7/ty-0.0.55.tar.gz", hash = "sha256:88ca87073825a79a8327c550efcc86cec94344890244c5946f84c9e44a969f31", size = 6040230, upload-time = "2026-06-27T00:27:29.385Z" }
wheels = [
    { url = "https://files.pythonhosted.org/packages/87/a3/1a90ba7e5a61c6d09adb92346ddba97668095fc257b577af433e5ac4f404/ty-0.0.55-py3-none-linux_armv6l.whl", hash = "sha256:31e83eef512d066542fe990fe1a3b814423abd1616376c54e48af7045b3e1749", size = 11677249, upload-time = "2026-06-27T00:26:52.18Z" },
    { url = "https://files.pythonhosted.org/packages/82/3a/669f9aa478c38243e213a2684db1502086026cfadc15bb1b29b7cbde030d/ty-0.0.55-py3-none-macosx_10_12_x86_64.whl", hash = "sha256:ab4bca857950608fea73e269e2da369d43e6467131de85160d68e2fa466fa248", size = 11444180, upload-time = "2026-06-27T00:26:54.576Z" },
    { url = "https://files.pythonhosted.org/packages/15/a4/6a4b2507a53ce6530c66c5b4fe0d58551eb1748ffa9e0696c32fdd55bbd4/ty-0.0.55-py3-none-macosx_11_0_arm64.whl", hash = "sha256:55032bfd31bf2c5355ee81bdc6407b144a1cc7ee41e5681dd1368e4cef2ba327", size = 10963134, upload-time = "2026-06-27T00:26:57.348Z" },
    { url = "https://files.pythonhosted.org/packages/ce/ae/a3b1a0f1cc83b7d258662cb98aa80a720c2e671d0e8fa0d17a4d5d057a7a/ty-0.0.55-py3-none-manylinux_2_17_aarch64.manylinux2014_aarch64.whl", hash = "sha256:ef1e049f69ce65b3c269af67624607f435e1c32319786c1e453ef9611502f295", size = 11493517, upload-time = "2026-06-27T00:26:59.26Z" },
    { url = "https://files.pythonhosted.org/packages/0d/9f/311ce39065a979ef40a9b847f685c8e02464e53adf1671e081eea90640ca/ty-0.0.55-py3-none-manylinux_2_17_armv7l.manylinux2014_armv7l.whl", hash = "sha256:631409975c681d5a280fc5a99b7b32e9e801f33be7567c6b42ec331362f59d7d", size = 11460590, upload-time = "2026-06-27T00:27:01.425Z" },
    { url = "https://files.pythonhosted.org/packages/cd/8f/3bf29aa77bd78aae48275153135a2052fa7d3ccdf1ecabeb99c8773abd66/ty-0.0.55-py3-none-manylinux_2_17_i686.manylinux2014_i686.whl", hash = "sha256:e08cb0436e68b9351555ae8f2697138c9009b4d5b4ae4272232988b2a431a98f", size = 12098430, upload-time = "2026-06-27T00:27:03.596Z" },
    { url = "https://files.pythonhosted.org/packages/bc/6e/e88411a88240b94640bba06fb6d0d92b247fbeef47ee2bc71f39e58c2558/ty-0.0.55-py3-none-manylinux_2_17_ppc64le.manylinux2014_ppc64le.whl", hash = "sha256:16c215ad9f823829409b94ee188cfaa4563f6e1384f6ce3fecb1db75f6c7cf7c", size = 12673086, upload-time = "2026-06-27T00:27:05.589Z" },
    { url = "https://files.pythonhosted.org/packages/6c/7e/8f1762fb7f9245a68ba5ae338d73c59403ce57554e5d311b8bb55027b0ec/ty-0.0.55-py3-none-manylinux_2_17_s390x.manylinux2014_s390x.whl", hash = "sha256:b510eb8f4032baf11b7aee2f1d53babc3b4ca03939b9cdcf6a9d15761d575188", size = 12242559, upload-time = "2026-06-27T00:27:07.714Z" },
    { url = "https://files.pythonhosted.org/packages/72/1f/143657daf2670d977dac83435f1fe03d4843efb798d8e1e75950e541aadd/ty-0.0.55-py3-none-manylinux_2_17_x86_64.manylinux2014_x86_64.whl", hash = "sha256:0ddc05e7959709c3b9b83aa627128a80446865e3c1a4882638dcff6d776dc34a", size = 12021409, upload-time = "2026-06-27T00:27:09.881Z" },
    { url = "https://files.pythonhosted.org/packages/6d/30/69487c439dd1fad3a4a3d96f0a472193de297eaba6fc4b8ea687ce434ac2/ty-0.0.55-py3-none-manylinux_2_31_riscv64.whl", hash = "sha256:636e8e5078787b8c6916c94e1406719f10189a4ca6b37b813a5922ce5857a8c7", size = 12303807, upload-time = "2026-06-27T00:27:11.986Z" },
    { url = "https://files.pythonhosted.org/packages/e8/ca/cd88b6493dafc7db077f5e17c0438eb3af6e2d6d08f616dbb52a8ddfd567/ty-0.0.55-py3-none-musllinux_1_2_aarch64.whl", hash = "sha256:ef7d6deaacb73fec603666b5471f1dc5a5699aa84e11a6d4d644dd07ca72121e", size = 11441263, upload-time = "2026-06-27T00:27:14.087Z" },
    { url = "https://files.pythonhosted.org/packages/aa/fe/66b6915671653ab739f71e4f1b0528e69da64429b7ebf3840c625b6e43f2/ty-0.0.55-py3-none-musllinux_1_2_armv7l.whl", hash = "sha256:9aeea0fe5875d3cf37faf0e44d0fdf9669335467749741b8fc0103916fb5cd32", size = 11484584, upload-time = "2026-06-27T00:27:16.311Z" },
    { url = "https://files.pythonhosted.org/packages/4a/4f/7a9c0bbac8b899e9f6c0ec110c6612f52e4db35f6bb17ddc0ef60384fa3e/ty-0.0.55-py3-none-musllinux_1_2_i686.whl", hash = "sha256:0b699c01310dbd2705a07c97c5f4aaeedef61bd9adeea2e7c46aed32401d3576", size = 11759309, upload-time = "2026-06-27T00:27:18.471Z" },
    { url = "https://files.pythonhosted.org/packages/ca/de/b6f8b1b69aa631b5716ef3f985c3b56de0e46c2499cc00d30c402b41f714/ty-0.0.55-py3-none-musllinux_1_2_x86_64.whl", hash = "sha256:32cbeba543e46de2a983ec6d525d8b56514f7422bd1e1b57c44ccf7bfa72c38a", size = 12128755, upload-time = "2026-06-27T00:27:20.55Z" },
    { url = "https://files.pythonhosted.org/packages/7d/90/a912531e51ee7e076b42972479290fa687c0f5e747b7e773f3033164acaa/ty-0.0.55-py3-none-win32.whl", hash = "sha256:52b968e24eb4f7a5c3bd251db1f99f60dd385890356d38fc619d84f1b423446a", size = 11117501, upload-time = "2026-06-27T00:27:22.714Z" },
    { url = "https://files.pythonhosted.org/packages/4c/7a/99d59843bf8908a7f9f4d13fda107dbad07b7faa28ecd7860eacf363fb1c/ty-0.0.55-py3-none-win_amd64.whl", hash = "sha256:bf39cbfdc0add44d94bd3fff1f53c351418d134b6a66b87efdb7876d7b7a2224", size = 12150106, upload-time = "2026-06-27T00:27:24.881Z" },
    { url = "https://files.pythonhosted.org/packages/b3/44/20987505cedf2a865b08482f0eabc181fd9599b062964057ec8a128a4296/ty-0.0.55-py3-none-win_arm64.whl", hash = "sha256:f7f3700a9a060e8f1af11e4fb63fafcaf272b041781f4ccdfda2b3b5c6c1e439", size = 11560157, upload-time = "2026-06-27T00:27:27.332Z" },
]

[[package]]
name = "uv-build"
version = "0.11.25"
source = { registry = "https://pypi.org/simple" }
sdist = { url = "https://files.pythonhosted.org/packages/60/2d/bdcad1d1c28f0cf2937adc85ec3d06e7ac49f35ca4bdaeb371fad7b3f166/uv_build-0.11.25.tar.gz", hash = "sha256:8b5ee3b387e04b8353a62fbedbc9e2624035c7717b4589f297a3cdd6d1026297", size = 404894, upload-time = "2026-06-27T00:48:32.849Z" }
wheels = [
    { url = "https://files.pythonhosted.org/packages/3a/17/6cc24fc4db0732bc5b6dd24c4b7198206d19707a891ad374b647de7f8c27/uv_build-0.11.25-py3-none-linux_armv6l.whl", hash = "sha256:c6e3137fa16f2a83d35f54ad2fa415332a9bfb2dcf222b95e161c622064fb992", size = 1540802, upload-time = "2026-06-27T00:48:08.272Z" },
    { url = "https://files.pythonhosted.org/packages/bf/1e/634aafa5ec33c4b46e867895a22c4c150c90fe1e5376bce387264f603ba4/uv_build-0.11.25-py3-none-macosx_10_12_x86_64.whl", hash = "sha256:8e24ffa746b555a601e4595a45bd92987d1e7e814b6e69aa7602c9c97c2a45c7", size = 1482446, upload-time = "2026-06-27T00:48:09.783Z" },
    { url = "https://files.pythonhosted.org/packages/89/4f/702dfb0dbe3e9dbbc66851c16fe9cb49bde28708d4d599fcd8176454eb5b/uv_build-0.11.25-py3-none-macosx_11_0_arm64.whl", hash = "sha256:66980dbeaf55688052f9378b81c0e257a5a944ad7701d000e18f367672fb1c96", size = 1378482, upload-time = "2026-06-27T00:48:11.004Z" },
    { url = "https://files.pythonhosted.org/packages/fe/3d/0d01834273c11747652252fc6c549c2da62bfda9abbc0eb11bb7fa480073/uv_build-0.11.25-py3-none-manylinux_2_17_aarch64.manylinux2014_aarch64.musllinux_1_1_aarch64.whl", hash = "sha256:f0149b8d0afaac089417357aba142d5aa5d411a6ad0d65a5228888f7d799f35b", size = 1624166, upload-time = "2026-06-27T00:48:12.256Z" },
    { url = "https://files.pythonhosted.org/packages/29/6e/c4347e92cdba08a0f937e640583319cbb073df2f3ff51b120303717c1c13/uv_build-0.11.25-py3-none-manylinux_2_17_armv7l.manylinux2014_armv7l.whl", hash = "sha256:09777babfb12c1cb2fe2b6c473c82b41ab8e743426210f09f9bed2d28cd97ec4", size = 1510112, upload-time = "2026-06-27T00:48:13.565Z" },
    { url = "https://files.pythonhosted.org/packages/e1/3e/4856aca3d1a5905ae9961857b365fd294028c4d4209cb41049182e661419/uv_build-0.11.25-py3-none-manylinux_2_17_i686.manylinux2014_i686.whl", hash = "sha256:daef40cf12f120fd9e31e421f670807f22b41b49d9a9087834fdf70d673bd0cd", size = 1671379, upload-time = "2026-06-27T00:48:15.097Z" },
    { url = "https://files.pythonhosted.org/packages/a5/66/84b48060fef9f6ffd4ddc5d0474705bc34d7890978e9c4c87274b7937562/uv_build-0.11.25-py3-none-manylinux_2_17_ppc64le.manylinux2014_ppc64le.whl", hash = "sha256:3bf685626b45f8286a78c38f14b4af836b02699add13733e0672c811b30c29d8", size = 1701719, upload-time = "2026-06-27T00:48:16.447Z" },
    { url = "https://files.pythonhosted.org/packages/b3/8d/b516d8374caed8c14c95a917c744cea73c538385ebc73eda4a87da3d0279/uv_build-0.11.25-py3-none-manylinux_2_17_s390x.manylinux2014_s390x.whl", hash = "sha256:ff417fbf6d635fae3e442fffcc26875ce98b3d3a5e9fc8a0b333f371f84939ce", size = 1616241, upload-time = "2026-06-27T00:48:17.819Z" },
    { url = "https://files.pythonhosted.org/packages/aa/dc/d89bcdb4ca58ebe894aad13a1c4fe136da98817a258c735b17afdea3d896/uv_build-0.11.25-py3-none-manylinux_2_17_x86_64.manylinux2014_x86_64.whl", hash = "sha256:97b3c2e91fc17bb0799d5e50379f571f9a467bd34c7c882f6f1f4df827872e5c", size = 1629651, upload-time = "2026-06-27T00:48:19.301Z" },
    { url = "https://files.pythonhosted.org/packages/76/b9/fc4b3ec1d6c6fc7ced736090396b013995c0cd27773c06c3a35e4260fde0/uv_build-0.11.25-py3-none-manylinux_2_28_aarch64.whl", hash = "sha256:eb5446d110e7ab724dae729909157eadec58357cd2817a94b678ed4736cac014", size = 1620640, upload-time = "2026-06-27T00:48:20.509Z" },
    { url = "https://files.pythonhosted.org/packages/b6/4a/cd0246d0c9beae54a85f2b2fc9fbf24e5ad2d3bb116027284bb742942860/uv_build-0.11.25-py3-none-manylinux_2_31_riscv64.whl", hash = "sha256:9557468703c706a9fa22809824b67ede1e1ef10d913d283dbd7a39b8e9408816", size = 1585019, upload-time = "2026-06-27T00:48:21.836Z" },
    { url = "https://files.pythonhosted.org/packages/26/e9/e29087cc5561cdfab50905a4d57b21d0a6b1db3789c4e5614eb5a49e5920/uv_build-0.11.25-py3-none-musllinux_1_1_armv7l.whl", hash = "sha256:77cd8b466cde4dcff506ae5b9a58df06f1c24dde688351ea1629dfac49169760", size = 1526704, upload-time = "2026-06-27T00:48:23.318Z" },
    { url = "https://files.pythonhosted.org/packages/ee/17/78f565b2390b7cd5be76e486d48fb7067fc5ac4e9c64594648b3c8616d18/uv_build-0.11.25-py3-none-musllinux_1_1_i686.whl", hash = "sha256:b8e6558a6cc06d5bd88998288e438916e311ab712295d6fd76f9c83f1d11ccc5", size = 1621372, upload-time = "2026-06-27T00:48:24.649Z" },
    { url = "https://files.pythonhosted.org/packages/65/4d/82a52099ac186004776824fcabfc2fba1c4066d9211b519f7313be39179e/uv_build-0.11.25-py3-none-musllinux_1_1_riscv64.whl", hash = "sha256:88bde5b4594a96e3d99321b4fad39a59cb7bb74f699c09740d806e083993991c", size = 1612252, upload-time = "2026-06-27T00:48:25.977Z" },
    { url = "https://files.pythonhosted.org/packages/5a/a5/68d1f443b5d581bb4e81afbb05a4a7c8eafa309aa87d74a029848dc1a032/uv_build-0.11.25-py3-none-musllinux_1_1_x86_64.whl", hash = "sha256:d009d2f75e73b366135b721880f777920996bc1de0afcdef4fced1058215ecd5", size = 1690753, upload-time = "2026-06-27T00:48:27.167Z" },
    { url = "https://files.pythonhosted.org/packages/81/14/29b13503696d69d7b535e1863b3fa160f5a53da6c4bace126bce6bba943a/uv_build-0.11.25-py3-none-win32.whl", hash = "sha256:8f0367f0cb5a87cac32411635a9b47ee4fd1248185191a55450c4c9c7cd0d0de", size = 1467075, upload-time = "2026-06-27T00:48:28.766Z" },
    { url = "https://files.pythonhosted.org/packages/ef/f0/84d7afc27de573c201ff1ec105ae15ddacb673f4cec87d42339c09e0834a/uv_build-0.11.25-py3-none-win_amd64.whl", hash = "sha256:90fcd4f775a391fa52e43f0b28e9b525c380163a7f053bc49af960499ea959be", size = 1538350, upload-time = "2026-06-27T00:48:30.248Z" },
    { url = "https://files.pythonhosted.org/packages/b7/c3/7c4b171c4e89d84423de1d5b5427ed6f0b544fd0fead99d94a1c48e3bd41/uv_build-0.11.25-py3-none-win_arm64.whl", hash = "sha256:ccd29c141911b7484cc9fb39bb6f3718907217403ad5440227f6464adb40ba76", size = 1455560, upload-time = "2026-06-27T00:48:31.581Z" },
]
